PODS:
  - Flutter (1.0.0)
  - flutter_geocode (0.0.1):
    - Flutter
    - GoogleMaps
  - GoogleMaps (4.1.0):
    - GoogleMaps/Maps (= 4.1.0)
  - GoogleMaps/Base (4.1.0)
  - GoogleMaps/Maps (4.1.0):
    - GoogleMaps/Base

DEPENDENCIES:
  - Flutter (from `Flutter`)
  - flutter_geocode (from `.symlinks/plugins/flutter_geocode/ios`)

SPEC REPOS:
  trunk:
    - GoogleMaps

EXTERNAL SOURCES:
  Flutter:
    :path: Flutter
  flutter_geocode:
    :path: ".symlinks/plugins/flutter_geocode/ios"

SPEC CHECKSUMS:
  Flutter: 434fef37c0980e73bb6479ef766c45957d4b510c
  flutter_geocode: 1603100e012209e5805d219fc024903a2bb4d4f4
  GoogleMaps: 008e2c80e38605b56b560e8deb73d4194ff30bef

PODFILE CHECKSUM: aafe91acc616949ddb318b77800a7f51bffa2a4c

COCOAPODS: 1.10.1
